// !$*UTF8*$!
{
	archiveVersion = 1;
	classes = {
	};
	objectVersion = 46;
	objects = {

/* Begin PBXBuildFile section */
		885F30E41F6CFAE400DE704A /* AppDelegate.swift in Sources */ = {isa = PBXBuildFile; fileRef = 885F30E31F6CFAE400DE704A /* AppDelegate.swift */; };
		885F30E61F6CFAE400DE704A /* ViewController.swift in Sources */ = {isa = PBXBuildFile; fileRef = 885F30E51F6CFAE400DE704A /* ViewController.swift */; };
		885F30E91F6CFAE400DE704A /* Main.storyboard in Resources */ = {isa = PBXBuildFile; fileRef = 885F30E71F6CFAE400DE704A /* Main.storyboard */; };
		885F30EB1F6CFAE400DE704A /* Assets.xcassets in Resources */ = {isa = PBXBuildFile; fileRef = 885F30EA1F6CFAE400DE704A /* Assets.xcassets */; };
		885F30EE1F6CFAE400DE704A /* LaunchScreen.storyboard in Resources */ = {isa = PBXBuildFile; fileRef = 885F30EC1F6CFAE400DE704A /* LaunchScreen.storyboard */; };
		885F30F91F6CFC4F00DE704A /* NetworkManager.swift in Sources */ = {isa = PBXBuildFile; fileRef = 885F30F81F6CFC4F00DE704A /* NetworkManager.swift */; };
		885F30FC1F6D026400DE704A /* HelperMethods.swift in Sources */ = {isa = PBXBuildFile; fileRef = 885F30FB1F6D026400DE704A /* HelperMethods.swift */; };
		885F30FF1F6D1E9C00DE704A /* PinCodeViewController.swift in Sources */ = {isa = PBXBuildFile; fileRef = 885F30FE1F6D1E9C00DE704A /* PinCodeViewController.swift */; };
		887C20A01F6E223B00E52A0A /* HourlyWeatherController.swift in Sources */ = {isa = PBXBuildFile; fileRef = 887C209F1F6E223B00E52A0A /* HourlyWeatherController.swift */; };
		887C20A21F6E312300E52A0A /* HourlyModel.swift in Sources */ = {isa = PBXBuildFile; fileRef = 887C20A11F6E312300E52A0A /* HourlyModel.swift */; };
		887C20A51F6E6B3D00E52A0A /* HourlyTableViewCell.swift in Sources */ = {isa = PBXBuildFile; fileRef = 887C20A31F6E6B3D00E52A0A /* HourlyTableViewCell.swift */; };
		887C20A61F6E6B3D00E52A0A /* HourlyTableViewCell.xib in Resources */ = {isa = PBXBuildFile; fileRef = 887C20A41F6E6B3D00E52A0A /* HourlyTableViewCell.xib */; };
		887C20A91F6E76BF00E52A0A /* HourlyCollectionViewCell.swift in Sources */ = {isa = PBXBuildFile; fileRef = 887C20A71F6E76BF00E52A0A /* HourlyCollectionViewCell.swift */; };
		887C20AA1F6E76BF00E52A0A /* HourlyCollectionViewCell.xib in Resources */ = {isa = PBXBuildFile; fileRef = 887C20A81F6E76BF00E52A0A /* HourlyCollectionViewCell.xib */; };
/* End PBXBuildFile section */

/* Begin PBXFileReference section */
		885F30E01F6CFAE400DE704A /* Umbrella.app */ = {isa = PBXFileReference; explicitFileType = wrapper.application; includeInIndex = 0; path = Umbrella.app; sourceTree = BUILT_PRODUCTS_DIR; };
		885F30E31F6CFAE400DE704A /* AppDelegate.swift */ = {isa = PBXFileReference; lastKnownFileType = sourcecode.swift; path = AppDelegate.swift; sourceTree = "<group>"; };
		885F30E51F6CFAE400DE704A /* ViewController.swift */ = {isa = PBXFileReference; lastKnownFileType = sourcecode.swift; path = ViewController.swift; sourceTree = "<group>"; };
		885F30E81F6CFAE400DE704A /* Base */ = {isa = PBXFileReference; lastKnownFileType = file.storyboard; name = Base; path = Base.lproj/Main.storyboard; sourceTree = "<group>"; };
		885F30EA1F6CFAE400DE704A /* Assets.xcassets */ = {isa = PBXFileReference; lastKnownFileType = folder.assetcatalog; path = Assets.xcassets; sourceTree = "<group>"; };
		885F30ED1F6CFAE400DE704A /* Base */ = {isa = PBXFileReference; lastKnownFileType = file.storyboard; name = Base; path = Base.lproj/LaunchScreen.storyboard; sourceTree = "<group>"; };
		885F30EF1F6CFAE400DE704A /* Info.plist */ = {isa = PBXFileReference; lastKnownFileType = text.plist.xml; path = Info.plist; sourceTree = "<group>"; };
		885F30F81F6CFC4F00DE704A /* NetworkManager.swift */ = {isa = PBXFileReference; fileEncoding = 4; lastKnownFileType = sourcecode.swift; name = NetworkManager.swift; path = NetworkLayer/NetworkManager.swift; sourceTree = "<group>"; };
		885F30FB1F6D026400DE704A /* HelperMethods.swift */ = {isa = PBXFileReference; fileEncoding = 4; lastKnownFileType = sourcecode.swift; name = HelperMethods.swift; path = BusinessLogic/HelperMethods.swift; sourceTree = "<group>"; };
		885F30FE1F6D1E9C00DE704A /* PinCodeViewController.swift */ = {isa = PBXFileReference; fileEncoding = 4; lastKnownFileType = sourcecode.swift; name = PinCodeViewController.swift; path = ViewControllers/PinCodeViewController.swift; sourceTree = "<group>"; };
		887C209F1F6E223B00E52A0A /* HourlyWeatherController.swift */ = {isa = PBXFileReference; fileEncoding = 4; lastKnownFileType = sourcecode.swift; name = HourlyWeatherController.swift; path = ViewControllers/HourlyWeatherController.swift; sourceTree = "<group>"; };
		887C20A11F6E312300E52A0A /* HourlyModel.swift */ = {isa = PBXFileReference; fileEncoding = 4; lastKnownFileType = sourcecode.swift; name = HourlyModel.swift; path = ModelObjects/HourlyModel.swift; sourceTree = "<group>"; };
		887C20A31F6E6B3D00E52A0A /* HourlyTableViewCell.swift */ = {isa = PBXFileReference; fileEncoding = 4; lastKnownFileType = sourcecode.swift; name = HourlyTableViewCell.swift; path = CustomViews/HourlyTableViewCell.swift; sourceTree = "<group>"; };
		887C20A41F6E6B3D00E52A0A /* HourlyTableViewCell.xib */ = {isa = PBXFileReference; fileEncoding = 4; lastKnownFileType = file.xib; name = HourlyTableViewCell.xib; path = CustomViews/HourlyTableViewCell.xib; sourceTree = "<group>"; };
		887C20A71F6E76BF00E52A0A /* HourlyCollectionViewCell.swift */ = {isa = PBXFileReference; fileEncoding = 4; lastKnownFileType = sourcecode.swift; name = HourlyCollectionViewCell.swift; path = CustomViews/HourlyCollectionViewCell.swift; sourceTree = "<group>"; };
		887C20A81F6E76BF00E52A0A /* HourlyCollectionViewCell.xib */ = {isa = PBXFileReference; fileEncoding = 4; lastKnownFileType = file.xib; name = HourlyCollectionViewCell.xib; path = CustomViews/HourlyCollectionViewCell.xib; sourceTree = "<group>"; };
/* End PBXFileReference section */

/* Begin PBXFrameworksBuildPhase section */
		885F30DD1F6CFAE400DE704A /* Frameworks */ = {
			isa = PBXFrameworksBuildPhase;
			buildActionMask = 2147483647;
			files = (
			);
			runOnlyForDeploymentPostprocessing = 0;
		};
/* End PBXFrameworksBuildPhase section */

/* Begin PBXGroup section */
		885F30D71F6CFAE400DE704A = {
			isa = PBXGroup;
			children = (
				885F30E21F6CFAE400DE704A /* Umbrella */,
				885F30E11F6CFAE400DE704A /* Products */,
			);
			sourceTree = "<group>";
		};
		885F30E11F6CFAE400DE704A /* Products */ = {
			isa = PBXGroup;
			children = (
				885F30E01F6CFAE400DE704A /* Umbrella.app */,
			);
			name = Products;
			sourceTree = "<group>";
		};
		885F30E21F6CFAE400DE704A /* Umbrella */ = {
			isa = PBXGroup;
			children = (
				885F30E31F6CFAE400DE704A /* AppDelegate.swift */,
				885F30E51F6CFAE400DE704A /* ViewController.swift */,
				885F30FD1F6D1E7E00DE704A /* ViewControllers */,
				885F30FA1F6D025000DE704A /* BusinessLogic */,
				885F30F71F6CFC1000DE704A /* CustomViews */,
				885F30F61F6CFB7800DE704A /* NetworkLayer */,
				885F30F51F6CFB6300DE704A /* ModelObjects */,
				885F30E71F6CFAE400DE704A /* Main.storyboard */,
				885F30EA1F6CFAE400DE704A /* Assets.xcassets */,
				885F30EC1F6CFAE400DE704A /* LaunchScreen.storyboard */,
				885F30EF1F6CFAE400DE704A /* Info.plist */,
			);
			path = Umbrella;
			sourceTree = "<group>";
		};
		885F30F51F6CFB6300DE704A /* ModelObjects */ = {
			isa = PBXGroup;
			children = (
				887C20A11F6E312300E52A0A /* HourlyModel.swift */,
			);
			name = ModelObjects;
			sourceTree = "<group>";
		};
		885F30F61F6CFB7800DE704A /* NetworkLayer */ = {
			isa = PBXGroup;
			children = (
				885F30F81F6CFC4F00DE704A /* NetworkManager.swift */,
			);
			name = NetworkLayer;
			sourceTree = "<group>";
		};
		885F30F71F6CFC1000DE704A /* CustomViews */ = {
			isa = PBXGroup;
			children = (
				887C20A31F6E6B3D00E52A0A /* HourlyTableViewCell.swift */,
				887C20A41F6E6B3D00E52A0A /* HourlyTableViewCell.xib */,
				887C20A71F6E76BF00E52A0A /* HourlyCollectionViewCell.swift */,
				887C20A81F6E76BF00E52A0A /* HourlyCollectionViewCell.xib */,
			);
			name = CustomViews;
			sourceTree = "<group>";
		};
		885F30FA1F6D025000DE704A /* BusinessLogic */ = {
			isa = PBXGroup;
			children = (
				885F30FB1F6D026400DE704A /* HelperMethods.swift */,
			);
			name = BusinessLogic;
			sourceTree = "<group>";
		};
		885F30FD1F6D1E7E00DE704A /* ViewControllers */ = {
			isa = PBXGroup;
			children = (
				885F30FE1F6D1E9C00DE704A /* PinCodeViewController.swift */,
				887C209F1F6E223B00E52A0A /* HourlyWeatherController.swift */,
			);
			name = ViewControllers;
			sourceTree = "<group>";
		};
/* End PBXGroup section */

/* Begin PBXNativeTarget section */
		885F30DF1F6CFAE400DE704A /* Umbrella */ = {
			isa = PBXNativeTarget;
			buildConfigurationList = 885F30F21F6CFAE400DE704A /* Build configuration list for PBXNativeTarget "Umbrella" */;
			buildPhases = (
				885F30DC1F6CFAE400DE704A /* Sources */,
				885F30DD1F6CFAE400DE704A /* Frameworks */,
				885F30DE1F6CFAE400DE704A /* Resources */,
			);
			buildRules = (
			);
			dependencies = (
			);
			name = Umbrella;
			productName = Umbrella;
			productReference = 885F30E01F6CFAE400DE704A /* Umbrella.app */;
			productType = "com.apple.product-type.application";
		};
/* End PBXNativeTarget section */

/* Begin PBXProject section */
		885F30D81F6CFAE400DE704A /* Project object */ = {
			isa = PBXProject;
			attributes = {
				LastSwiftUpdateCheck = 0830;
				LastUpgradeCheck = 0830;
				ORGANIZATIONNAME = "Tharun K";
				TargetAttributes = {
					885F30DF1F6CFAE400DE704A = {
						CreatedOnToolsVersion = 8.3.3;
						DevelopmentTeam = 643G3RL44Z;
						ProvisioningStyle = Automatic;
					};
				};
			};
			buildConfigurationList = 885F30DB1F6CFAE400DE704A /* Build configuration list for PBXProject "Umbrella" */;
			compatibilityVersion = "Xcode 3.2";
			developmentRegion = English;
			hasScannedForEncodings = 0;
			knownRegions = (
				en,
				Base,
			);
			mainGroup = 885F30D71F6CFAE400DE704A;
			productRefGroup = 885F30E11F6CFAE400DE704A /* Products */;
			projectDirPath = "";
			projectRoot = "";
			targets = (
				885F30DF1F6CFAE400DE704A /* Umbrella */,
			);
		};
/* End PBXProject section */

/* Begin PBXResourcesBuildPhase section */
		885F30DE1F6CFAE400DE704A /* Resources */ = {
			isa = PBXResourcesBuildPhase;
			buildActionMask = 2147483647;
			files = (
				885F30EE1F6CFAE400DE704A /* LaunchScreen.storyboard in Resources */,
				885F30EB1F6CFAE400DE704A /* Assets.xcassets in Resources */,
				887C20A61F6E6B3D00E52A0A /* HourlyTableViewCell.xib in Resources */,
				885F30E91F6CFAE400DE704A /* Main.storyboard in Resources */,
				887C20AA1F6E76BF00E52A0A /* HourlyCollectionViewCell.xib in Resources */,
			);
			runOnlyForDeploymentPostprocessing = 0;
		};
/* End PBXResourcesBuildPhase section */

/* Begin PBXSourcesBuildPhase section */
		885F30DC1F6CFAE400DE704A /* Sources */ = {
			isa = PBXSourcesBuildPhase;
			buildActionMask = 2147483647;
			files = (
				885F30F91F6CFC4F00DE704A /* NetworkManager.swift in Sources */,
				887C20A01F6E223B00E52A0A /* HourlyWeatherController.swift in Sources */,
				887C20A91F6E76BF00E52A0A /* HourlyCollectionViewCell.swift in Sources */,
				887C20A51F6E6B3D00E52A0A /* HourlyTableViewCell.swift in Sources */,
				887C20A21F6E312300E52A0A /* HourlyModel.swift in Sources */,
				885F30E61F6CFAE400DE704A /* ViewController.swift in Sources */,
				885F30FC1F6D026400DE704A /* HelperMethods.swift in Sources */,
				885F30FF1F6D1E9C00DE704A /* PinCodeViewController.swift in Sources */,
				885F30E41F6CFAE400DE704A /* AppDelegate.swift in Sources */,
			);
			runOnlyForDeploymentPostprocessing = 0;
		};
/* End PBXSourcesBuildPhase section */

/* Begin PBXVariantGroup section */
		885F30E71F6CFAE400DE704A /* Main.storyboard */ = {
			isa = PBXVariantGroup;
			children = (
				885F30E81F6CFAE400DE704A /* Base */,
			);
			name = Main.storyboard;
			sourceTree = "<group>";
		};
		885F30EC1F6CFAE400DE704A /* LaunchScreen.storyboard */ = {
			isa = PBXVariantGroup;
			children = (
				885F30ED1F6CFAE400DE704A /* Base */,
			);
			name = LaunchScreen.storyboard;
			sourceTree = "<group>";
		};
/* End PBXVariantGroup section */

/* Begin XCBuildConfiguration section */
		885F30F01F6CFAE400DE704A /* Debug */ = {
			isa = XCBuildConfiguration;
			buildSettings = {
				ALWAYS_SEARCH_USER_PATHS = NO;
				CLANG_ANALYZER_NONNULL = YES;
				CLANG_ANALYZER_NUMBER_OBJECT_CONVERSION = YES_AGGRESSIVE;
				CLANG_CXX_LANGUAGE_STANDARD = "gnu++0x";
				CLANG_CXX_LIBRARY = "libc++";
				CLANG_ENABLE_MODULES = YES;
				CLANG_ENABLE_OBJC_ARC = YES;
				CLANG_WARN_BOOL_CONVERSION = YES;
				CLANG_WARN_CONSTANT_CONVERSION = YES;
				CLANG_WARN_DIRECT_OBJC_ISA_USAGE = YES_ERROR;
				CLANG_WARN_DOCUMENTATION_COMMENTS = YES;
				CLANG_WARN_EMPTY_BODY = YES;
				CLANG_WARN_ENUM_CONVERSION = YES;
				CLANG_WARN_INFINITE_RECURSION = YES;
				CLANG_WARN_INT_CONVERSION = YES;
				CLANG_WARN_OBJC_ROOT_CLASS = YES_ERROR;
				CLANG_WARN_SUSPICIOUS_MOVE = YES;
				CLANG_WARN_UNREACHABLE_CODE = YES;
				CLANG_WARN__DUPLICATE_METHOD_MATCH = YES;
				"CODE_SIGN_IDENTITY[sdk=iphoneos*]" = "iPhone Developer";
				COPY_PHASE_STRIP = NO;
				DEBUG_INFORMATION_FORMAT = dwarf;
				ENABLE_STRICT_OBJC_MSGSEND = YES;
				ENABLE_TESTABILITY = YES;
				GCC_C_LANGUAGE_STANDARD = gnu99;
				GCC_DYNAMIC_NO_PIC = NO;
				GCC_NO_COMMON_BLOCKS = YES;
				GCC_OPTIMIZATION_LEVEL = 0;
				GCC_PREPROCESSOR_DEFINITIONS = (
					"DEBUG=1",
					"$(inherited)",
				);
				GCC_WARN_64_TO_32_BIT_CONVERSION = YES;
				GCC_WARN_ABOUT_RETURN_TYPE = YES_ERROR;
				GCC_WARN_UNDECLARED_SELECTOR = YES;
				GCC_WARN_UNINITIALIZED_AUTOS = YES_AGGRESSIVE;
				GCC_WARN_UNUSED_FUNCTION = YES;
				GCC_WARN_UNUSED_VARIABLE = YES;
				IPHONEOS_DEPLOYMENT_TARGET = 10.3;
				MTL_ENABLE_DEBUG_INFO = YES;
				ONLY_ACTIVE_ARCH = YES;
				SDKROOT = iphoneos;
				SWIFT_ACTIVE_COMPILATION_CONDITIONS = DEBUG;
				SWIFT_OPTIMIZATION_LEVEL = "-Onone";
				TARGETED_DEVICE_FAMILY = "1,2";
			};
			name = Debug;
		};
		885F30F11F6CFAE400DE704A /* Release */ = {
			isa = XCBuildConfiguration;
			buildSettings = {
				ALWAYS_SEARCH_USER_PATHS = NO;
				CLANG_ANALYZER_NONNULL = YES;
				CLANG_ANALYZER_NUMBER_OBJECT_CONVERSION = YES_AGGRESSIVE;
				CLANG_CXX_LANGUAGE_STANDARD = "gnu++0x";
				CLANG_CXX_LIBRARY = "libc++";
				CLANG_ENABLE_MODULES = YES;
				CLANG_ENABLE_OBJC_ARC = YES;
				CLANG_WARN_BOOL_CONVERSION = YES;
				CLANG_WARN_CONSTANT_CONVERSION = YES;
				CLANG_WARN_DIRECT_OBJC_ISA_USAGE = YES_ERROR;
				CLANG_WARN_DOCUMENTATION_COMMENTS = YES;
				CLANG_WARN_EMPTY_BODY = YES;
				CLANG_WARN_ENUM_CONVERSION = YES;
				CLANG_WARN_INFINITE_RECURSION = YES;
				CLANG_WARN_INT_CONVERSION = YES;
				CLANG_WARN_OBJC_ROOT_CLASS = YES_ERROR;
				CLANG_WARN_SUSPICIOUS_MOVE = YES;
				CLANG_WARN_UNREACHABLE_CODE = YES;
				CLANG_WARN__DUPLICATE_METHOD_MATCH = YES;
				"CODE_SIGN_IDENTITY[sdk=iphoneos*]" = "iPhone Developer";
				COPY_PHASE_STRIP = NO;
				DEBUG_INFORMATION_FORMAT = "dwarf-with-dsym";
				ENABLE_NS_ASSERTIONS = NO;
				ENABLE_STRICT_OBJC_MSGSEND = YES;
				GCC_C_LANGUAGE_STANDARD = gnu99;
				GCC_NO_COMMON_BLOCKS = YES;
				GCC_WARN_64_TO_32_BIT_CONVERSION = YES;
				GCC_WARN_ABOUT_RETURN_TYPE = YES_ERROR;
				GCC_WARN_UNDECLARED_SELECTOR = YES;
				GCC_WARN_UNINITIALIZED_AUTOS = YES_AGGRESSIVE;
				GCC_WARN_UNUSED_FUNCTION = YES;
				GCC_WARN_UNUSED_VARIABLE = YES;
				IPHONEOS_DEPLOYMENT_TARGET = 10.3;
				MTL_ENABLE_DEBUG_INFO = NO;
				SDKROOT = iphoneos;
				SWIFT_OPTIMIZATION_LEVEL = "-Owholemodule";
				TARGETED_DEVICE_FAMILY = "1,2";
				VALIDATE_PRODUCT = YES;
			};
			name = Release;
		};
		885F30F31F6CFAE400DE704A /* Debug */ = {
			isa = XCBuildConfiguration;
			buildSettings = {
				ASSETCATALOG_COMPILER_APPICON_NAME = AppIcon;
				DEVELOPMENT_TEAM = 643G3RL44Z;
				INFOPLIST_FILE = Umbrella/Info.plist;
				LD_RUNPATH_SEARCH_PATHS = "$(inherited) @executable_path/Frameworks";
				PRODUCT_BUNDLE_IDENTIFIER = com.tharun.Umbrella;
				PRODUCT_NAME = "$(TARGET_NAME)";
				SWIFT_VERSION = 3.0;
			};
			name = Debug;
		};
		885F30F41F6CFAE400DE704A /* Release */ = {
			isa = XCBuildConfiguration;
			buildSettings = {
				ASSETCATALOG_COMPILER_APPICON_NAME = AppIcon;
				DEVELOPMENT_TEAM = 643G3RL44Z;
				INFOPLIST_FILE = Umbrella/Info.plist;
				LD_RUNPATH_SEARCH_PATHS = "$(inherited) @executable_path/Frameworks";
				PRODUCT_BUNDLE_IDENTIFIER = com.tharun.Umbrella;
				PRODUCT_NAME = "$(TARGET_NAME)";
				SWIFT_VERSION = 3.0;
			};
			name = Release;
		};
/* End XCBuildConfiguration section */

/* Begin XCConfigurationList section */
		885F30DB1F6CFAE400DE704A /* Build configuration list for PBXProject "Umbrella" */ = {
			isa = XCConfigurationList;
			buildConfigurations = (
				885F30F01F6CFAE400DE704A /* Debug */,
				885F30F11F6CFAE400DE704A /* Release */,
			);
			defaultConfigurationIsVisible = 0;
			defaultConfigurationName = Release;
		};
		885F30F21F6CFAE400DE704A /* Build configuration list for PBXNativeTarget "Umbrella" */ = {
			isa = XCConfigurationList;
			buildConfigurations = (
				885F30F31F6CFAE400DE704A /* Debug */,
				885F30F41F6CFAE400DE704A /* Release */,
			);
			defaultConfigurationIsVisible = 0;
			defaultConfigurationName = Release;
		};
/* End XCConfigurationList section */
	};
	rootObject = 885F30D81F6CFAE400DE704A /* Project object */;
}
